// !$*UTF8*$!
{
	archiveVersion = 1;
	classes = {
	};
	objectVersion = 77;
	objects = {

/* Begin PBXBuildFile section */
		4913B7452FE033080032AB81 /* Markdown in Frameworks */ = {isa = PBXBuildFile; productRef = 4913B7442FE033080032AB81 /* Markdown */; };
		B0000000000000000000000A /* cast in Embed cast CLI */ = {isa = PBXBuildFile; fileRef = B00000000000000000000003 /* cast */; settings = {ATTRIBUTES = (CodeSignOnCopy, ); }; };
/* End PBXBuildFile section */

/* Begin PBXContainerItemProxy section */
		4913B6752FDFF6210032AB81 /* PBXContainerItemProxy */ = {
			isa = PBXContainerItemProxy;
			containerPortal = 4913B65D2FDFF6200032AB81 /* Project object */;
			proxyType = 1;
			remoteGlobalIDString = 4913B6642FDFF6200032AB81;
			remoteInfo = NoteCast;
		};
		4913B67F2FDFF6210032AB81 /* PBXContainerItemProxy */ = {
			isa = PBXContainerItemProxy;
			containerPortal = 4913B65D2FDFF6200032AB81 /* Project object */;
			proxyType = 1;
			remoteGlobalIDString = 4913B6642FDFF6200032AB81;
			remoteInfo = NoteCast;
		};
		B0000000000000000000000C /* PBXContainerItemProxy */ = {
			isa = PBXContainerItemProxy;
			containerPortal = 4913B65D2FDFF6200032AB81 /* Project object */;
			proxyType = 1;
			remoteGlobalIDString = B00000000000000000000004;
			remoteInfo = cast;
		};
/* End PBXContainerItemProxy section */

/* Begin PBXCopyFilesBuildPhase section */
		B0000000000000000000000B /* Embed cast CLI */ = {
			isa = PBXCopyFilesBuildPhase;
			buildActionMask = 2147483647;
			dstPath = bin;
			dstSubfolderSpec = 7;
			files = (
				B0000000000000000000000A /* cast in Embed cast CLI */,
			);
			name = "Embed cast CLI";
			runOnlyForDeploymentPostprocessing = 0;
		};
/* End PBXCopyFilesBuildPhase section */

/* Begin PBXFileReference section */
		4913B6652FDFF6200032AB81 /* NoteCast.app */ = {isa = PBXFileReference; explicitFileType = wrapper.application; includeInIndex = 0; path = NoteCast.app; sourceTree = BUILT_PRODUCTS_DIR; };
		4913B6742FDFF6210032AB81 /* NoteCastTests.xctest */ = {isa = PBXFileReference; explicitFileType = wrapper.cfbundle; includeInIndex = 0; path = NoteCastTests.xctest; sourceTree = BUILT_PRODUCTS_DIR; };
		4913B67E2FDFF6210032AB81 /* NoteCastUITests.xctest */ = {isa = PBXFileReference; explicitFileType = wrapper.cfbundle; includeInIndex = 0; path = NoteCastUITests.xctest; sourceTree = BUILT_PRODUCTS_DIR; };
		B00000000000000000000003 /* cast */ = {isa = PBXFileReference; explicitFileType = "compiled.mach-o.executable"; includeInIndex = 0; path = cast; sourceTree = BUILT_PRODUCTS_DIR; };
/* End PBXFileReference section */

/* Begin PBXFileSystemSynchronizedBuildFileExceptionSet section */
		B0000000000000000000000E /* Exceptions for "NoteCast" folder in "NoteCast" target */ = {
			isa = PBXFileSystemSynchronizedBuildFileExceptionSet;
			membershipExceptions = (
				Info.plist,
			);
			target = 4913B6642FDFF6200032AB81 /* NoteCast */;
		};
/* End PBXFileSystemSynchronizedBuildFileExceptionSet section */

/* Begin PBXFileSystemSynchronizedRootGroup section */
		4913B6672FDFF6200032AB81 /* NoteCast */ = {
			isa = PBXFileSystemSynchronizedRootGroup;
			exceptions = (
				B0000000000000000000000E /* Exceptions for "NoteCast" folder in "NoteCast" target */,
			);
			path = NoteCast;
			sourceTree = "<group>";
		};
		4913B6772FDFF6210032AB81 /* NoteCastTests */ = {
			isa = PBXFileSystemSynchronizedRootGroup;
			path = NoteCastTests;
			sourceTree = "<group>";
		};
		4913B6812FDFF6210032AB81 /* NoteCastUITests */ = {
			isa = PBXFileSystemSynchronizedRootGroup;
			path = NoteCastUITests;
			sourceTree = "<group>";
		};
		B00000000000000000000001 /* Shared */ = {
			isa = PBXFileSystemSynchronizedRootGroup;
			path = Shared;
			sourceTree = "<group>";
		};
		B00000000000000000000002 /* Cast */ = {
			isa = PBXFileSystemSynchronizedRootGroup;
			path = Cast;
			sourceTree = "<group>";
		};
/* End PBXFileSystemSynchronizedRootGroup section */

/* Begin PBXFrameworksBuildPhase section */
		4913B6622FDFF6200032AB81 /* Frameworks */ = {
			isa = PBXFrameworksBuildPhase;
			buildActionMask = 2147483647;
			files = (
				4913B7452FE033080032AB81 /* Markdown in Frameworks */,
			);
			runOnlyForDeploymentPostprocessing = 0;
		};
		4913B6712FDFF6210032AB81 /* Frameworks */ = {
			isa = PBXFrameworksBuildPhase;
			buildActionMask = 2147483647;
			files = (
			);
			runOnlyForDeploymentPostprocessing = 0;
		};
		4913B67B2FDFF6210032AB81 /* Frameworks */ = {
			isa = PBXFrameworksBuildPhase;
			buildActionMask = 2147483647;
			files = (
			);
			runOnlyForDeploymentPostprocessing = 0;
		};
		B00000000000000000000005 /* Frameworks */ = {
			isa = PBXFrameworksBuildPhase;
			buildActionMask = 2147483647;
			files = (
			);
			runOnlyForDeploymentPostprocessing = 0;
		};
/* End PBXFrameworksBuildPhase section */

/* Begin PBXGroup section */
		4913B65C2FDFF6200032AB81 = {
			isa = PBXGroup;
			children = (
				4913B6672FDFF6200032AB81 /* NoteCast */,
				B00000000000000000000001 /* Shared */,
				B00000000000000000000002 /* Cast */,
				4913B6772FDFF6210032AB81 /* NoteCastTests */,
				4913B6812FDFF6210032AB81 /* NoteCastUITests */,
				4913B6662FDFF6200032AB81 /* Products */,
			);
			sourceTree = "<group>";
		};
		4913B6662FDFF6200032AB81 /* Products */ = {
			isa = PBXGroup;
			children = (
				4913B6652FDFF6200032AB81 /* NoteCast.app */,
				B00000000000000000000003 /* cast */,
				4913B6742FDFF6210032AB81 /* NoteCastTests.xctest */,
				4913B67E2FDFF6210032AB81 /* NoteCastUITests.xctest */,
			);
			name = Products;
			sourceTree = "<group>";
		};
/* End PBXGroup section */

/* Begin PBXNativeTarget section */
		4913B6642FDFF6200032AB81 /* NoteCast */ = {
			isa = PBXNativeTarget;
			buildConfigurationList = 4913B6882FDFF6210032AB81 /* Build configuration list for PBXNativeTarget "NoteCast" */;
			buildPhases = (
				4913B6612FDFF6200032AB81 /* Sources */,
				4913B6622FDFF6200032AB81 /* Frameworks */,
				4913B6632FDFF6200032AB81 /* Resources */,
				B0000000000000000000000B /* Embed cast CLI */,
			);
			buildRules = (
			);
			dependencies = (
				B0000000000000000000000D /* PBXTargetDependency */,
			);
			fileSystemSynchronizedGroups = (
				4913B6672FDFF6200032AB81 /* NoteCast */,
				B00000000000000000000001 /* Shared */,
			);
			name = NoteCast;
			packageProductDependencies = (
				4913B7442FE033080032AB81 /* Markdown */,
			);
			productName = NoteCast;
			productReference = 4913B6652FDFF6200032AB81 /* NoteCast.app */;
			productType = "com.apple.product-type.application";
		};
		4913B6732FDFF6210032AB81 /* NoteCastTests */ = {
			isa = PBXNativeTarget;
			buildConfigurationList = 4913B68B2FDFF6210032AB81 /* Build configuration list for PBXNativeTarget "NoteCastTests" */;
			buildPhases = (
				4913B6702FDFF6210032AB81 /* Sources */,
				4913B6712FDFF6210032AB81 /* Frameworks */,
				4913B6722FDFF6210032AB81 /* Resources */,
			);
			buildRules = (
			);
			dependencies = (
				4913B6762FDFF6210032AB81 /* PBXTargetDependency */,
			);
			fileSystemSynchronizedGroups = (
				4913B6772FDFF6210032AB81 /* NoteCastTests */,
			);
			name = NoteCastTests;
			packageProductDependencies = (
			);
			productName = NoteCastTests;
			productReference = 4913B6742FDFF6210032AB81 /* NoteCastTests.xctest */;
			productType = "com.apple.product-type.bundle.unit-test";
		};
		4913B67D2FDFF6210032AB81 /* NoteCastUITests */ = {
			isa = PBXNativeTarget;
			buildConfigurationList = 4913B68E2FDFF6210032AB81 /* Build configuration list for PBXNativeTarget "NoteCastUITests" */;
			buildPhases = (
				4913B67A2FDFF6210032AB81 /* Sources */,
				4913B67B2FDFF6210032AB81 /* Frameworks */,
				4913B67C2FDFF6210032AB81 /* Resources */,
			);
			buildRules = (
			);
			dependencies = (
				4913B6802FDFF6210032AB81 /* PBXTargetDependency */,
			);
			fileSystemSynchronizedGroups = (
				4913B6812FDFF6210032AB81 /* NoteCastUITests */,
			);
			name = NoteCastUITests;
			packageProductDependencies = (
			);
			productName = NoteCastUITests;
			productReference = 4913B67E2FDFF6210032AB81 /* NoteCastUITests.xctest */;
			productType = "com.apple.product-type.bundle.ui-testing";
		};
		B00000000000000000000004 /* cast */ = {
			isa = PBXNativeTarget;
			buildConfigurationList = B00000000000000000000009 /* Build configuration list for PBXNativeTarget "cast" */;
			buildPhases = (
				B00000000000000000000006 /* Sources */,
				B00000000000000000000005 /* Frameworks */,
			);
			buildRules = (
			);
			dependencies = (
			);
			fileSystemSynchronizedGroups = (
				B00000000000000000000001 /* Shared */,
				B00000000000000000000002 /* Cast */,
			);
			name = cast;
			packageProductDependencies = (
			);
			productName = cast;
			productReference = B00000000000000000000003 /* cast */;
			productType = "com.apple.product-type.tool";
		};
/* End PBXNativeTarget section */

/* Begin PBXProject section */
		4913B65D2FDFF6200032AB81 /* Project object */ = {
			isa = PBXProject;
			attributes = {
				BuildIndependentTargetsInParallel = 1;
				LastSwiftUpdateCheck = 2650;
				LastUpgradeCheck = 2650;
				TargetAttributes = {
					4913B6642FDFF6200032AB81 = {
						CreatedOnToolsVersion = 26.5;
					};
					4913B6732FDFF6210032AB81 = {
						CreatedOnToolsVersion = 26.5;
						TestTargetID = 4913B6642FDFF6200032AB81;
					};
					4913B67D2FDFF6210032AB81 = {
						CreatedOnToolsVersion = 26.5;
						TestTargetID = 4913B6642FDFF6200032AB81;
					};
					B00000000000000000000004 = {
						CreatedOnToolsVersion = 26.5;
					};
				};
			};
			buildConfigurationList = 4913B6602FDFF6200032AB81 /* Build configuration list for PBXProject "NoteCast" */;
			developmentRegion = en;
			hasScannedForEncodings = 0;
			knownRegions = (
				en,
				Base,
			);
			mainGroup = 4913B65C2FDFF6200032AB81;
			minimizedProjectReferenceProxies = 1;
			packageReferences = (
				4913B7432FE033080032AB81 /* XCRemoteSwiftPackageReference "swift-markdown" */,
			);
			preferredProjectObjectVersion = 77;
			productRefGroup = 4913B6662FDFF6200032AB81 /* Products */;
			projectDirPath = "";
			projectRoot = "";
			targets = (
				4913B6642FDFF6200032AB81 /* NoteCast */,
				B00000000000000000000004 /* cast */,
				4913B6732FDFF6210032AB81 /* NoteCastTests */,
				4913B67D2FDFF6210032AB81 /* NoteCastUITests */,
			);
		};
/* End PBXProject section */

/* Begin PBXResourcesBuildPhase section */
		4913B6632FDFF6200032AB81 /* Resources */ = {
			isa = PBXResourcesBuildPhase;
			buildActionMask = 2147483647;
			files = (
			);
			runOnlyForDeploymentPostprocessing = 0;
		};
		4913B6722FDFF6210032AB81 /* Resources */ = {
			isa = PBXResourcesBuildPhase;
			buildActionMask = 2147483647;
			files = (
			);
			runOnlyForDeploymentPostprocessing = 0;
		};
		4913B67C2FDFF6210032AB81 /* Resources */ = {
			isa = PBXResourcesBuildPhase;
			buildActionMask = 2147483647;
			files = (
			);
			runOnlyForDeploymentPostprocessing = 0;
		};
/* End PBXResourcesBuildPhase section */

/* Begin PBXSourcesBuildPhase section */
		4913B6612FDFF6200032AB81 /* Sources */ = {
			isa = PBXSourcesBuildPhase;
			buildActionMask = 2147483647;
			files = (
			);
			runOnlyForDeploymentPostprocessing = 0;
		};
		4913B6702FDFF6210032AB81 /* Sources */ = {
			isa = PBXSourcesBuildPhase;
			buildActionMask = 2147483647;
			files = (
			);
			runOnlyForDeploymentPostprocessing = 0;
		};
		4913B67A2FDFF6210032AB81 /* Sources */ = {
			isa = PBXSourcesBuildPhase;
			buildActionMask = 2147483647;
			files = (
			);
			runOnlyForDeploymentPostprocessing = 0;
		};
		B00000000000000000000006 /* Sources */ = {
			isa = PBXSourcesBuildPhase;
			buildActionMask = 2147483647;
			files = (
			);
			runOnlyForDeploymentPostprocessing = 0;
		};
/* End PBXSourcesBuildPhase section */

/* Begin PBXTargetDependency section */
		4913B6762FDFF6210032AB81 /* PBXTargetDependency */ = {
			isa = PBXTargetDependency;
			target = 4913B6642FDFF6200032AB81 /* NoteCast */;
			targetProxy = 4913B6752FDFF6210032AB81 /* PBXContainerItemProxy */;
		};
		4913B6802FDFF6210032AB81 /* PBXTargetDependency */ = {
			isa = PBXTargetDependency;
			target = 4913B6642FDFF6200032AB81 /* NoteCast */;
			targetProxy = 4913B67F2FDFF6210032AB81 /* PBXContainerItemProxy */;
		};
		B0000000000000000000000D /* PBXTargetDependency */ = {
			isa = PBXTargetDependency;
			target = B00000000000000000000004 /* cast */;
			targetProxy = B0000000000000000000000C /* PBXContainerItemProxy */;
		};
/* End PBXTargetDependency section */

/* Begin XCBuildConfiguration section */
		4913B6862FDFF6210032AB81 /* Debug */ = {
			isa = XCBuildConfiguration;
			buildSettings = {
				ALWAYS_SEARCH_USER_PATHS = NO;
				ASSETCATALOG_COMPILER_GENERATE_SWIFT_ASSET_SYMBOL_EXTENSIONS = YES;
				CLANG_ANALYZER_NONNULL = YES;
				CLANG_ANALYZER_NUMBER_OBJECT_CONVERSION = YES_AGGRESSIVE;
				CLANG_CXX_LANGUAGE_STANDARD = "gnu++20";
				CLANG_ENABLE_MODULES = YES;
				CLANG_ENABLE_OBJC_ARC = YES;
				CLANG_ENABLE_OBJC_WEAK = YES;
				CLANG_WARN_BLOCK_CAPTURE_AUTORELEASING = YES;
				CLANG_WARN_BOOL_CONVERSION = YES;
				CLANG_WARN_COMMA = YES;
				CLANG_WARN_CONSTANT_CONVERSION = YES;
				CLANG_WARN_DEPRECATED_OBJC_IMPLEMENTATIONS = YES;
				CLANG_WARN_DIRECT_OBJC_ISA_USAGE = YES_ERROR;
				CLANG_WARN_DOCUMENTATION_COMMENTS = YES;
				CLANG_WARN_EMPTY_BODY = YES;
				CLANG_WARN_ENUM_CONVERSION = YES;
				CLANG_WARN_INFINITE_RECURSION = YES;
				CLANG_WARN_INT_CONVERSION = YES;
				CLANG_WARN_NON_LITERAL_NULL_CONVERSION = YES;
				CLANG_WARN_OBJC_IMPLICIT_RETAIN_SELF = YES;
				CLANG_WARN_OBJC_LITERAL_CONVERSION = YES;
				CLANG_WARN_OBJC_ROOT_CLASS = YES_ERROR;
				CLANG_WARN_QUOTED_INCLUDE_IN_FRAMEWORK_HEADER = YES;
				CLANG_WARN_RANGE_LOOP_ANALYSIS = YES;
				CLANG_WARN_STRICT_PROTOTYPES = YES;
				CLANG_WARN_SUSPICIOUS_MOVE = YES;
				CLANG_WARN_UNGUARDED_AVAILABILITY = YES_AGGRESSIVE;
				CLANG_WARN_UNREACHABLE_CODE = YES;
				CLANG_WARN__DUPLICATE_METHOD_MATCH = YES;
				COPY_PHASE_STRIP = NO;
				DEBUG_INFORMATION_FORMAT = dwarf;
				ENABLE_STRICT_OBJC_MSGSEND = YES;
				ENABLE_TESTABILITY = YES;
				ENABLE_USER_SCRIPT_SANDBOXING = YES;
				GCC_C_LANGUAGE_STANDARD = gnu17;
				GCC_DYNAMIC_NO_PIC = NO;
				GCC_NO_COMMON_BLOCKS = YES;
				GCC_OPTIMIZATION_LEVEL = 0;
				GCC_PREPROCESSOR_DEFINITIONS = (
					"DEBUG=1",
					"$(inherited)",
				);
				GCC_WARN_64_TO_32_BIT_CONVERSION = YES;
				GCC_WARN_ABOUT_RETURN_TYPE = YES_ERROR;
				GCC_WARN_UNDECLARED_SELECTOR = YES;
				GCC_WARN_UNINITIALIZED_AUTOS = YES_AGGRESSIVE;
				GCC_WARN_UNUSED_FUNCTION = YES;
				GCC_WARN_UNUSED_VARIABLE = YES;
				LOCALIZATION_PREFERS_STRING_CATALOGS = YES;
				MACOSX_DEPLOYMENT_TARGET = 26.5;
				MTL_ENABLE_DEBUG_INFO = INCLUDE_SOURCE;
				MTL_FAST_MATH = YES;
				ONLY_ACTIVE_ARCH = YES;
				SDKROOT = macosx;
				SWIFT_ACTIVE_COMPILATION_CONDITIONS = "DEBUG $(inherited)";
				SWIFT_OPTIMIZATION_LEVEL = "-Onone";
			};
			name = Debug;
		};
		4913B6872FDFF6210032AB81 /* Release */ = {
			isa = XCBuildConfiguration;
			buildSettings = {
				ALWAYS_SEARCH_USER_PATHS = NO;
				ASSETCATALOG_COMPILER_GENERATE_SWIFT_ASSET_SYMBOL_EXTENSIONS = YES;
				CLANG_ANALYZER_NONNULL = YES;
				CLANG_ANALYZER_NUMBER_OBJECT_CONVERSION = YES_AGGRESSIVE;
				CLANG_CXX_LANGUAGE_STANDARD = "gnu++20";
				CLANG_ENABLE_MODULES = YES;
				CLANG_ENABLE_OBJC_ARC = YES;
				CLANG_ENABLE_OBJC_WEAK = YES;
				CLANG_WARN_BLOCK_CAPTURE_AUTORELEASING = YES;
				CLANG_WARN_BOOL_CONVERSION = YES;
				CLANG_WARN_COMMA = YES;
				CLANG_WARN_CONSTANT_CONVERSION = YES;
				CLANG_WARN_DEPRECATED_OBJC_IMPLEMENTATIONS = YES;
				CLANG_WARN_DIRECT_OBJC_ISA_USAGE = YES_ERROR;
				CLANG_WARN_DOCUMENTATION_COMMENTS = YES;
				CLANG_WARN_EMPTY_BODY = YES;
				CLANG_WARN_ENUM_CONVERSION = YES;
				CLANG_WARN_INFINITE_RECURSION = YES;
				CLANG_WARN_INT_CONVERSION = YES;
				CLANG_WARN_NON_LITERAL_NULL_CONVERSION = YES;
				CLANG_WARN_OBJC_IMPLICIT_RETAIN_SELF = YES;
				CLANG_WARN_OBJC_LITERAL_CONVERSION = YES;
				CLANG_WARN_OBJC_ROOT_CLASS = YES_ERROR;
				CLANG_WARN_QUOTED_INCLUDE_IN_FRAMEWORK_HEADER = YES;
				CLANG_WARN_RANGE_LOOP_ANALYSIS = YES;
				CLANG_WARN_STRICT_PROTOTYPES = YES;
				CLANG_WARN_SUSPICIOUS_MOVE = YES;
				CLANG_WARN_UNGUARDED_AVAILABILITY = YES_AGGRESSIVE;
				CLANG_WARN_UNREACHABLE_CODE = YES;
				CLANG_WARN__DUPLICATE_METHOD_MATCH = YES;
				COPY_PHASE_STRIP = NO;
				DEBUG_INFORMATION_FORMAT = "dwarf-with-dsym";
				ENABLE_NS_ASSERTIONS = NO;
				ENABLE_STRICT_OBJC_MSGSEND = YES;
				ENABLE_USER_SCRIPT_SANDBOXING = YES;
				GCC_C_LANGUAGE_STANDARD = gnu17;
				GCC_NO_COMMON_BLOCKS = YES;
				GCC_WARN_64_TO_32_BIT_CONVERSION = YES;
				GCC_WARN_ABOUT_RETURN_TYPE = YES_ERROR;
				GCC_WARN_UNDECLARED_SELECTOR = YES;
				GCC_WARN_UNINITIALIZED_AUTOS = YES_AGGRESSIVE;
				GCC_WARN_UNUSED_FUNCTION = YES;
				GCC_WARN_UNUSED_VARIABLE = YES;
				LOCALIZATION_PREFERS_STRING_CATALOGS = YES;
				MACOSX_DEPLOYMENT_TARGET = 26.5;
				MTL_ENABLE_DEBUG_INFO = NO;
				MTL_FAST_MATH = YES;
				SDKROOT = macosx;
				SWIFT_COMPILATION_MODE = wholemodule;
			};
			name = Release;
		};
		4913B6892FDFF6210032AB81 /* Debug */ = {
			isa = XCBuildConfiguration;
			buildSettings = {
				ASSETCATALOG_COMPILER_APPICON_NAME = icon;
				ASSETCATALOG_COMPILER_GLOBAL_ACCENT_COLOR_NAME = AccentColor;
				ASSETCATALOG_COMPILER_INCLUDE_ALL_APPICON_ASSETS = YES;
				CODE_SIGN_STYLE = Automatic;
				COMBINE_HIDPI_IMAGES = YES;
				CURRENT_PROJECT_VERSION = 1;
				ENABLE_APP_SANDBOX = NO;
				ENABLE_HARDENED_RUNTIME = YES;
				ENABLE_PREVIEWS = YES;
				GENERATE_INFOPLIST_FILE = NO;
				INFOPLIST_FILE = NoteCast/Info.plist;
				LD_RUNPATH_SEARCH_PATHS = (
					"$(inherited)",
					"@executable_path/../Frameworks",
				);
				MARKETING_VERSION = 1.0;
				PRODUCT_BUNDLE_IDENTIFIER = com.spacks.NoteCast;
				PRODUCT_NAME = "$(TARGET_NAME)";
				REGISTER_APP_GROUPS = NO;
				STRING_CATALOG_GENERATE_SYMBOLS = YES;
				SWIFT_APPROACHABLE_CONCURRENCY = YES;
				SWIFT_DEFAULT_ACTOR_ISOLATION = MainActor;
				SWIFT_EMIT_LOC_STRINGS = YES;
				SWIFT_UPCOMING_FEATURE_MEMBER_IMPORT_VISIBILITY = YES;
				SWIFT_VERSION = 5.0;
			};
			name = Debug;
		};
		4913B68A2FDFF6210032AB81 /* Release */ = {
			isa = XCBuildConfiguration;
			buildSettings = {
				ASSETCATALOG_COMPILER_APPICON_NAME = icon;
				ASSETCATALOG_COMPILER_GLOBAL_ACCENT_COLOR_NAME = AccentColor;
				ASSETCATALOG_COMPILER_INCLUDE_ALL_APPICON_ASSETS = YES;
				CODE_SIGN_STYLE = Automatic;
				COMBINE_HIDPI_IMAGES = YES;
				CURRENT_PROJECT_VERSION = 1;
				ENABLE_APP_SANDBOX = NO;
				ENABLE_HARDENED_RUNTIME = YES;
				ENABLE_PREVIEWS = YES;
				GENERATE_INFOPLIST_FILE = NO;
				INFOPLIST_FILE = NoteCast/Info.plist;
				LD_RUNPATH_SEARCH_PATHS = (
					"$(inherited)",
					"@executable_path/../Frameworks",
				);
				MARKETING_VERSION = 1.0;
				PRODUCT_BUNDLE_IDENTIFIER = com.spacks.NoteCast;
				PRODUCT_NAME = "$(TARGET_NAME)";
				REGISTER_APP_GROUPS = NO;
				STRING_CATALOG_GENERATE_SYMBOLS = YES;
				SWIFT_APPROACHABLE_CONCURRENCY = YES;
				SWIFT_DEFAULT_ACTOR_ISOLATION = MainActor;
				SWIFT_EMIT_LOC_STRINGS = YES;
				SWIFT_UPCOMING_FEATURE_MEMBER_IMPORT_VISIBILITY = YES;
				SWIFT_VERSION = 5.0;
			};
			name = Release;
		};
		4913B68C2FDFF6210032AB81 /* Debug */ = {
			isa = XCBuildConfiguration;
			buildSettings = {
				BUNDLE_LOADER = "$(TEST_HOST)";
				CODE_SIGN_STYLE = Automatic;
				CURRENT_PROJECT_VERSION = 1;
				GENERATE_INFOPLIST_FILE = YES;
				MACOSX_DEPLOYMENT_TARGET = 26.5;
				MARKETING_VERSION = 1.0;
				PRODUCT_BUNDLE_IDENTIFIER = com.spacks.NoteCastTests;
				PRODUCT_NAME = "$(TARGET_NAME)";
				STRING_CATALOG_GENERATE_SYMBOLS = NO;
				SWIFT_APPROACHABLE_CONCURRENCY = YES;
				SWIFT_EMIT_LOC_STRINGS = NO;
				SWIFT_UPCOMING_FEATURE_MEMBER_IMPORT_VISIBILITY = YES;
				SWIFT_VERSION = 5.0;
				TEST_HOST = "$(BUILT_PRODUCTS_DIR)/NoteCast.app/$(BUNDLE_EXECUTABLE_FOLDER_PATH)/NoteCast";
			};
			name = Debug;
		};
		4913B68D2FDFF6210032AB81 /* Release */ = {
			isa = XCBuildConfiguration;
			buildSettings = {
				BUNDLE_LOADER = "$(TEST_HOST)";
				CODE_SIGN_STYLE = Automatic;
				CURRENT_PROJECT_VERSION = 1;
				GENERATE_INFOPLIST_FILE = YES;
				MACOSX_DEPLOYMENT_TARGET = 26.5;
				MARKETING_VERSION = 1.0;
				PRODUCT_BUNDLE_IDENTIFIER = com.spacks.NoteCastTests;
				PRODUCT_NAME = "$(TARGET_NAME)";
				STRING_CATALOG_GENERATE_SYMBOLS = NO;
				SWIFT_APPROACHABLE_CONCURRENCY = YES;
				SWIFT_EMIT_LOC_STRINGS = NO;
				SWIFT_UPCOMING_FEATURE_MEMBER_IMPORT_VISIBILITY = YES;
				SWIFT_VERSION = 5.0;
				TEST_HOST = "$(BUILT_PRODUCTS_DIR)/NoteCast.app/$(BUNDLE_EXECUTABLE_FOLDER_PATH)/NoteCast";
			};
			name = Release;
		};
		4913B68F2FDFF6210032AB81 /* Debug */ = {
			isa = XCBuildConfiguration;
			buildSettings = {
				CODE_SIGN_STYLE = Automatic;
				CURRENT_PROJECT_VERSION = 1;
				GENERATE_INFOPLIST_FILE = YES;
				MARKETING_VERSION = 1.0;
				PRODUCT_BUNDLE_IDENTIFIER = com.spacks.NoteCastUITests;
				PRODUCT_NAME = "$(TARGET_NAME)";
				STRING_CATALOG_GENERATE_SYMBOLS = NO;
				SWIFT_APPROACHABLE_CONCURRENCY = YES;
				SWIFT_EMIT_LOC_STRINGS = NO;
				SWIFT_UPCOMING_FEATURE_MEMBER_IMPORT_VISIBILITY = YES;
				SWIFT_VERSION = 5.0;
				TEST_TARGET_NAME = NoteCast;
			};
			name = Debug;
		};
		4913B6902FDFF6210032AB81 /* Release */ = {
			isa = XCBuildConfiguration;
			buildSettings = {
				CODE_SIGN_STYLE = Automatic;
				CURRENT_PROJECT_VERSION = 1;
				GENERATE_INFOPLIST_FILE = YES;
				MARKETING_VERSION = 1.0;
				PRODUCT_BUNDLE_IDENTIFIER = com.spacks.NoteCastUITests;
				PRODUCT_NAME = "$(TARGET_NAME)";
				STRING_CATALOG_GENERATE_SYMBOLS = NO;
				SWIFT_APPROACHABLE_CONCURRENCY = YES;
				SWIFT_EMIT_LOC_STRINGS = NO;
				SWIFT_UPCOMING_FEATURE_MEMBER_IMPORT_VISIBILITY = YES;
				SWIFT_VERSION = 5.0;
				TEST_TARGET_NAME = NoteCast;
			};
			name = Release;
		};
		B00000000000000000000007 /* Debug */ = {
			isa = XCBuildConfiguration;
			buildSettings = {
				CODE_SIGN_STYLE = Automatic;
				CURRENT_PROJECT_VERSION = 1;
				GENERATE_INFOPLIST_FILE = NO;
				MACOSX_DEPLOYMENT_TARGET = 26.5;
				MARKETING_VERSION = 1.0;
				PRODUCT_BUNDLE_IDENTIFIER = com.spacks.cast;
				PRODUCT_NAME = cast;
				SWIFT_APPROACHABLE_CONCURRENCY = YES;
				SWIFT_EMIT_LOC_STRINGS = NO;
				SWIFT_UPCOMING_FEATURE_MEMBER_IMPORT_VISIBILITY = YES;
				SWIFT_VERSION = 5.0;
			};
			name = Debug;
		};
		B00000000000000000000008 /* Release */ = {
			isa = XCBuildConfiguration;
			buildSettings = {
				CODE_SIGN_STYLE = Automatic;
				CURRENT_PROJECT_VERSION = 1;
				GENERATE_INFOPLIST_FILE = NO;
				MACOSX_DEPLOYMENT_TARGET = 26.5;
				MARKETING_VERSION = 1.0;
				PRODUCT_BUNDLE_IDENTIFIER = com.spacks.cast;
				PRODUCT_NAME = cast;
				SWIFT_APPROACHABLE_CONCURRENCY = YES;
				SWIFT_EMIT_LOC_STRINGS = NO;
				SWIFT_UPCOMING_FEATURE_MEMBER_IMPORT_VISIBILITY = YES;
				SWIFT_VERSION = 5.0;
			};
			name = Release;
		};
/* End XCBuildConfiguration section */

/* Begin XCConfigurationList section */
		4913B6602FDFF6200032AB81 /* Build configuration list for PBXProject "NoteCast" */ = {
			isa = XCConfigurationList;
			buildConfigurations = (
				4913B6862FDFF6210032AB81 /* Debug */,
				4913B6872FDFF6210032AB81 /* Release */,
			);
			defaultConfigurationIsVisible = 0;
			defaultConfigurationName = Release;
		};
		4913B6882FDFF6210032AB81 /* Build configuration list for PBXNativeTarget "NoteCast" */ = {
			isa = XCConfigurationList;
			buildConfigurations = (
				4913B6892FDFF6210032AB81 /* Debug */,
				4913B68A2FDFF6210032AB81 /* Release */,
			);
			defaultConfigurationIsVisible = 0;
			defaultConfigurationName = Release;
		};
		4913B68B2FDFF6210032AB81 /* Build configuration list for PBXNativeTarget "NoteCastTests" */ = {
			isa = XCConfigurationList;
			buildConfigurations = (
				4913B68C2FDFF6210032AB81 /* Debug */,
				4913B68D2FDFF6210032AB81 /* Release */,
			);
			defaultConfigurationIsVisible = 0;
			defaultConfigurationName = Release;
		};
		4913B68E2FDFF6210032AB81 /* Build configuration list for PBXNativeTarget "NoteCastUITests" */ = {
			isa = XCConfigurationList;
			buildConfigurations = (
				4913B68F2FDFF6210032AB81 /* Debug */,
				4913B6902FDFF6210032AB81 /* Release */,
			);
			defaultConfigurationIsVisible = 0;
			defaultConfigurationName = Release;
		};
		B00000000000000000000009 /* Build configuration list for PBXNativeTarget "cast" */ = {
			isa = XCConfigurationList;
			buildConfigurations = (
				B00000000000000000000007 /* Debug */,
				B00000000000000000000008 /* Release */,
			);
			defaultConfigurationIsVisible = 0;
			defaultConfigurationName = Release;
		};
/* End XCConfigurationList section */

/* Begin XCRemoteSwiftPackageReference section */
		4913B7432FE033080032AB81 /* XCRemoteSwiftPackageReference "swift-markdown" */ = {
			isa = XCRemoteSwiftPackageReference;
			repositoryURL = "https://github.com/swiftlang/swift-markdown.git";
			requirement = {
				kind = upToNextMajorVersion;
				minimumVersion = 0.8.0;
			};
		};
/* End XCRemoteSwiftPackageReference section */

/* Begin XCSwiftPackageProductDependency section */
		4913B7442FE033080032AB81 /* Markdown */ = {
			isa = XCSwiftPackageProductDependency;
			package = 4913B7432FE033080032AB81 /* XCRemoteSwiftPackageReference "swift-markdown" */;
			productName = Markdown;
		};
/* End XCSwiftPackageProductDependency section */
	};
	rootObject = 4913B65D2FDFF6200032AB81 /* Project object */;
}
